
Microsoft Visual Studio Solution File, Format Version 12.00
# Visual Studio 15
VisualStudioVersion = 15.0.27130.2036
MinimumVisualStudioVersion = 10.0.40219.1
Project("{FAE04EC0-301F-11D3-BF4B-00C04F79EFBC}") = "WHSAzureFunction", "WHSAzureFunction\WHSAzureFunction.csproj", "{214233FA-3F72-49BF-8AA4-14D3898DF259}"
EndProject
Global
	GlobalSection(SolutionConfigurationPlatforms) = preSolution
		Debug|Any CPU = Debug|Any CPU
		Release|Any CPU = Release|Any CPU
	EndGlobalSection
	GlobalSection(ProjectConfigurationPlatforms) = postSolution
		{214233FA-3F72-49BF-8AA4-14D3898DF259}.Debug|Any CPU.ActiveCfg = Debug|Any CPU
		{214233FA-3F72-49BF-8AA4-14D3898DF259}.Debug|Any CPU.Build.0 = Debug|Any CPU
		{214233FA-3F72-49BF-8AA4-14D3898DF259}.Release|Any CPU.ActiveCfg = Release|Any CPU
		{214233FA-3F72-49BF-8AA4-14D3898DF259}.Release|Any CPU.Build.0 = Release|Any CPU
	EndGlobalSection
	GlobalSection(SolutionProperties) = preSolution
		HideSolutionNode = FALSE
	EndGlobalSection
	GlobalSection(ExtensibilityGlobals) = postSolution
		SolutionGuid = {A30A2FDC-05FB-46BB-B514-4B4AD36EC529}
	EndGlobalSection
EndGlobal
